# This file is automatically @generated by Cargo.
# It is not intended for manual editing.
version = 4

[[package]]
name = "autocfg"
version = "1.4.0"
source = "registry+https://github.com/rust-lang/crates.io-index"
checksum = "ace50bade8e6234aa140d9a2f552bbee1db4d353f69b8217bc503490fc1a9f26"

[[package]]
name = "bincode"
version = "1.3.3"
source = "registry+https://github.com/rust-lang/crates.io-index"
checksum = "b1f45e9417d87227c7a56d22e471c6206462cba514c7590c09aff4cf6d1ddcad"
dependencies = [
 "serde",
]

[[package]]
name = "blake2"
version = "0.10.6"
dependencies = [
 "digest",
 "hex-literal",
]

[[package]]
name = "blobby"
version = "0.3.1"
source = "registry+https://github.com/rust-lang/crates.io-index"
checksum = "847495c209977a90e8aad588b959d0ca9f5dc228096d29a6bd3defd53f35eaec"

[[package]]
name = "block-buffer"
version = "0.10.4"
source = "registry+https://github.com/rust-lang/crates.io-index"
checksum = "3078c7629b62d3f0439517fa394996acacc5cbc91c5a20d8c658e77abd503a71"
dependencies = [
 "generic-array",
]

[[package]]
name = "byteorder"
version = "1.5.0"
source = "registry+https://github.com/rust-lang/crates.io-index"
checksum = "1fd0f2584146f6f2ef48085050886acf353beff7305ebd1ae69500e27c67f64b"

[[package]]
name = "cc"
version = "1.0.79"
source = "registry+https://github.com/rust-lang/crates.io-index"
checksum = "50d30906286121d95be3d479533b458f87493b30a4b5f79a607db8f5d11aa91f"

[[package]]
name = "cfg-if"
version = "1.0.0"
source = "registry+https://github.com/rust-lang/crates.io-index"
checksum = "baf1de4339761588bc0619e3cbc0120ee582ebb74b53b4efbf79117bd2da40fd"

[[package]]
name = "const-oid"
version = "0.9.2"
source = "registry+https://github.com/rust-lang/crates.io-index"
checksum = "520fbf3c07483f94e3e3ca9d0cfd913d7718ef2483d2cfd91c0d9e91474ab913"

[[package]]
name = "cpufeatures"
version = "0.2.7"
source = "registry+https://github.com/rust-lang/crates.io-index"
checksum = "3e4c1eaa2012c47becbbad2ab175484c2a84d1185b566fb2cc5b8707343dfe58"
dependencies = [
 "libc",
]

[[package]]
name = "crypto-common"
version = "0.1.6"
source = "registry+https://github.com/rust-lang/crates.io-index"
checksum = "1bfb12502f3fc46cca1bb51ac28df9d618d813cdc3d2f25b9fe775a34af26bb3"
dependencies = [
 "generic-array",
 "typenum",
]

[[package]]
name = "digest"
version = "0.10.7"
source = "registry+https://github.com/rust-lang/crates.io-index"
checksum = "9ed9a281f7bc9b7576e61468ba615a66a5c8cfdff42420a70aa82701a3b1e292"
dependencies = [
 "blobby",
 "block-buffer",
 "const-oid",
 "crypto-common",
 "subtle",
]

[[package]]
name = "either"
version = "1.14.0"
source = "registry+https://github.com/rust-lang/crates.io-index"
checksum = "b7914353092ddf589ad78f25c5c1c21b7f80b0ff8621e7c814c3485b5306da9d"

[[package]]
name = "fsb"
version = "0.1.3"
dependencies = [
 "digest",
 "hex-literal",
 "whirlpool",
]

[[package]]
name = "gcd"
version = "2.3.0"
source = "registry+https://github.com/rust-lang/crates.io-index"
checksum = "1d758ba1b47b00caf47f24925c0074ecb20d6dfcffe7f6d53395c0465674841a"

[[package]]
name = "generic-array"
version = "0.14.7"
source = "registry+https://github.com/rust-lang/crates.io-index"
checksum = "85649ca51fd72272d7821adaf274ad91c288277713d9c18820d8499a7ff69e9a"
dependencies = [
 "typenum",
 "version_check",
]

[[package]]
name = "getrandom"
version = "0.2.15"
source = "registry+https://github.com/rust-lang/crates.io-index"
checksum = "c4567c8db10ae91089c99af84c68c38da3ec2f087c3f82960bcdbf3656b6f4d7"
dependencies = [
 "cfg-if",
 "libc",
 "wasi",
]

[[package]]
name = "gost94"
version = "0.10.4"
dependencies = [
 "digest",
 "hex-literal",
]

[[package]]
name = "groestl"
version = "0.10.1"
dependencies = [
 "digest",
 "hex-literal",
]

[[package]]
name = "hex"
version = "0.4.3"
source = "registry+https://github.com/rust-lang/crates.io-index"
checksum = "7f24254aa9a54b5c858eaee2f5bccdb46aaf0e486a595ed5fd8f86ba55232a70"

[[package]]
name = "hex-literal"
version = "0.2.2"
source = "registry+https://github.com/rust-lang/crates.io-index"
checksum = "d70693199b3cf4552f3fa720b54163927a3ebed2aef240efaf556033ab336a11"
dependencies = [
 "hex-literal-impl",
 "proc-macro-hack",
]

[[package]]
name = "hex-literal-impl"
version = "0.2.3"
source = "registry+https://github.com/rust-lang/crates.io-index"
checksum = "59448fc2f82a5fb6907f78c3d69d843e82ff5b051923313cc4438cb0c7b745a8"
dependencies = [
 "proc-macro-hack",
]

[[package]]
name = "itertools"
version = "0.12.1"
source = "registry+https://github.com/rust-lang/crates.io-index"
checksum = "ba291022dbbd398a455acf126c1e341954079855bc60dfdda641363bd6922569"
dependencies = [
 "either",
]

[[package]]
name = "k12"
version = "0.2.1"
dependencies = [
 "digest",
 "hex-literal",
]

[[package]]
name = "keccak"
version = "0.1.4"
source = "registry+https://github.com/rust-lang/crates.io-index"
checksum = "8f6d5ed8676d904364de097082f4e7d240b571b67989ced0240f08b7f966f940"
dependencies = [
 "cpufeatures",
]

[[package]]
name = "lazy_static"
version = "1.5.0"
source = "registry+https://github.com/rust-lang/crates.io-index"
checksum = "bbd2bcb4c963f2ddae06a2efc7e9f3591312473c50c6685e1f298068316e66fe"

[[package]]
name = "libc"
version = "0.2.170"
source = "registry+https://github.com/rust-lang/crates.io-index"
checksum = "875b3680cb2f8f71bdcf9a30f38d48282f5d3c95cbf9b3fa57269bb5d5c06828"

[[package]]
name = "libm"
version = "0.2.11"
source = "registry+https://github.com/rust-lang/crates.io-index"
checksum = "8355be11b20d696c8f18f6cc018c4e372165b1fa8126cef092399c9951984ffa"

[[package]]
name = "md-5"
version = "0.10.5"
dependencies = [
 "digest",
 "hex-literal",
 "md5-asm",
]

[[package]]
name = "md2"
version = "0.10.2"
dependencies = [
 "digest",
 "hex-literal",
]

[[package]]
name = "md4"
version = "0.10.2"
dependencies = [
 "digest",
 "hex-literal",
]

[[package]]
name = "md5-asm"
version = "0.5.0"
source = "registry+https://github.com/rust-lang/crates.io-index"
checksum = "73b9a6f25ec11ea27e22d7fc8beafda909da44ece95f63e94f1eeb23d19bb5c7"
dependencies = [
 "cc",
]

[[package]]
name = "num-bigint"
version = "0.4.6"
source = "registry+https://github.com/rust-lang/crates.io-index"
checksum = "a5e44f723f1133c9deac646763579fdb3ac745e418f2a7af9cd0c431da1f20b9"
dependencies = [
 "num-integer",
 "num-traits",
]

[[package]]
name = "num-integer"
version = "0.1.46"
source = "registry+https://github.com/rust-lang/crates.io-index"
checksum = "7969661fd2958a5cb096e56c8e1ad0444ac2bbcd0061bd28660485a44879858f"
dependencies = [
 "num-traits",
]

[[package]]
name = "num-traits"
version = "0.2.19"
source = "registry+https://github.com/rust-lang/crates.io-index"
checksum = "071dfc062690e90b734c0b2273ce72ad0ffa95f0c74596bc250dcfd960262841"
dependencies = [
 "autocfg",
]

[[package]]
name = "once_cell"
version = "1.20.3"
source = "registry+https://github.com/rust-lang/crates.io-index"
checksum = "945462a4b81e43c4e3ba96bd7b49d834c6f61198356aa858733bc4acf3cbe62e"

[[package]]
name = "p3-baby-bear"
version = "0.2.2-succinct"
source = "registry+https://github.com/rust-lang/crates.io-index"
checksum = "49ecc3edc6fb8186268e05031c26a8b2b1e567957d63adcae1026d55d6bb189b"
dependencies = [
 "num-bigint",
 "p3-field",
 "p3-mds",
 "p3-poseidon2",
 "p3-symmetric",
 "rand",
 "serde",
]

[[package]]
name = "p3-dft"
version = "0.2.2-succinct"
source = "registry+https://github.com/rust-lang/crates.io-index"
checksum = "eece7b035978976138622b116fefe6c4cc372b1ce70739c40e7a351a9bb68f1f"
dependencies = [
 "p3-field",
 "p3-matrix",
 "p3-maybe-rayon",
 "p3-util",
 "tracing",
]

[[package]]
name = "p3-field"
version = "0.2.2-succinct"
source = "registry+https://github.com/rust-lang/crates.io-index"
checksum = "b6f0edf3fde4fd0d1455e901fc871c558010ae18db6e68f1b0fa111391855316"
dependencies = [
 "itertools",
 "num-bigint",
 "num-traits",
 "p3-util",
 "rand",
 "serde",
]

[[package]]
name = "p3-matrix"
version = "0.2.2-succinct"
source = "registry+https://github.com/rust-lang/crates.io-index"
checksum = "60961b4d7ffd2e8412ce4e66e213de610356df71cc4e396519c856a664138a27"
dependencies = [
 "itertools",
 "p3-field",
 "p3-maybe-rayon",
 "p3-util",
 "rand",
 "serde",
 "tracing",
]

[[package]]
name = "p3-maybe-rayon"
version = "0.2.2-succinct"
source = "registry+https://github.com/rust-lang/crates.io-index"
checksum = "7bbe762738c382c9483410f52348ab9de41bb42c391e8171643a71486cf1ef8f"

[[package]]
name = "p3-mds"
version = "0.2.2-succinct"
source = "registry+https://github.com/rust-lang/crates.io-index"
checksum = "4127956cc6c783b7d021c5c42d5d89456d5f3bda4a7b165fcc2a3fd4e78fbede"
dependencies = [
 "itertools",
 "p3-dft",
 "p3-field",
 "p3-matrix",
 "p3-symmetric",
 "p3-util",
 "rand",
]

[[package]]
name = "p3-poseidon2"
version = "0.2.2-succinct"
source = "registry+https://github.com/rust-lang/crates.io-index"
checksum = "be09497da406a98e89dc05c1ce539eeef29541bad61a5b2108a44ffe94dd0b4c"
dependencies = [
 "gcd",
 "p3-field",
 "p3-mds",
 "p3-symmetric",
 "rand",
 "serde",
]

[[package]]
name = "p3-symmetric"
version = "0.2.2-succinct"
source = "registry+https://github.com/rust-lang/crates.io-index"
checksum = "6e7d954033f657d48490344ca4b3dbcc054962a0e92831b736666bb2f5e5820b"
dependencies = [
 "itertools",
 "p3-field",
 "serde",
]

[[package]]
name = "p3-util"
version = "0.2.2-succinct"
source = "registry+https://github.com/rust-lang/crates.io-index"
checksum = "4a6ce0b6bee23fd54e05306f6752ae80b0b71a91166553ab39d7899801497237"
dependencies = [
 "serde",
]

[[package]]
name = "pin-project-lite"
version = "0.2.16"
source = "registry+https://github.com/rust-lang/crates.io-index"
checksum = "3b3cff922bd51709b605d9ead9aa71031d81447142d828eb4a6eba76fe619f9b"

[[package]]
name = "ppv-lite86"
version = "0.2.20"
source = "registry+https://github.com/rust-lang/crates.io-index"
checksum = "77957b295656769bb8ad2b6a6b09d897d94f05c41b069aede1fcdaa675eaea04"
dependencies = [
 "zerocopy",
]

[[package]]
name = "proc-macro-hack"
version = "0.5.20+deprecated"
source = "registry+https://github.com/rust-lang/crates.io-index"
checksum = "dc375e1527247fe1a97d8b7156678dfe7c1af2fc075c9a4db3690ecd2a148068"

[[package]]
name = "proc-macro2"
version = "1.0.93"
source = "registry+https://github.com/rust-lang/crates.io-index"
checksum = "60946a68e5f9d28b0dc1c21bb8a97ee7d018a8b322fa57838ba31cc878e22d99"
dependencies = [
 "unicode-ident",
]

[[package]]
name = "quote"
version = "1.0.38"
source = "registry+https://github.com/rust-lang/crates.io-index"
checksum = "0e4dccaaaf89514f546c693ddc140f729f958c247918a13380cccc6078391acc"
dependencies = [
 "proc-macro2",
]

[[package]]
name = "rand"
version = "0.8.5"
source = "registry+https://github.com/rust-lang/crates.io-index"
checksum = "34af8d1a0e25924bc5b7c43c079c942339d8f0a8b57c39049bef581b46327404"
dependencies = [
 "libc",
 "rand_chacha",
 "rand_core",
]

[[package]]
name = "rand_chacha"
version = "0.3.1"
source = "registry+https://github.com/rust-lang/crates.io-index"
checksum = "e6c10a63a0fa32252be49d21e7709d4d4baf8d231c2dbce1eaa8141b9b127d88"
dependencies = [
 "ppv-lite86",
 "rand_core",
]

[[package]]
name = "rand_core"
version = "0.6.4"
source = "registry+https://github.com/rust-lang/crates.io-index"
checksum = "ec0be4795e2f6a28069bec0b5ff3e2ac9bafc99e6a9a7dc3547996c5c816922c"
dependencies = [
 "getrandom",
]

[[package]]
name = "ripemd"
version = "0.1.3"
dependencies = [
 "digest",
 "hex-literal",
]

[[package]]
name = "serde"
version = "1.0.218"
source = "registry+https://github.com/rust-lang/crates.io-index"
checksum = "e8dfc9d19bdbf6d17e22319da49161d5d0108e4188e8b680aef6299eed22df60"
dependencies = [
 "serde_derive",
]

[[package]]
name = "serde_derive"
version = "1.0.218"
source = "registry+https://github.com/rust-lang/crates.io-index"
checksum = "f09503e191f4e797cb8aac08e9a4a4695c5edf6a2e70e376d961ddd5c969f82b"
dependencies = [
 "proc-macro2",
 "quote",
 "syn",
]

[[package]]
name = "sha1"
version = "0.10.5"
dependencies = [
 "cfg-if",
 "cpufeatures",
 "digest",
 "hex-literal",
 "sha1-asm",
]

[[package]]
name = "sha1-asm"
version = "0.5.1"
source = "registry+https://github.com/rust-lang/crates.io-index"
checksum = "563d4f7100bc3fce234e5f37bbf63dc2752558964505ba6ac3f7204bdc59eaac"
dependencies = [
 "cc",
]

[[package]]
name = "sha2"
version = "0.10.6"
dependencies = [
 "cfg-if",
 "cpufeatures",
 "digest",
 "hex-literal",
 "sha2-asm",
]

[[package]]
name = "sha2"
version = "0.10.8"
source = "registry+https://github.com/rust-lang/crates.io-index"
checksum = "793db75ad2bcafc3ffa7c68b215fee268f537982cd901d132f89c6343f3a3dc8"
dependencies = [
 "cfg-if",
 "cpufeatures",
 "digest",
]

[[package]]
name = "sha2-asm"
version = "0.6.2"
source = "registry+https://github.com/rust-lang/crates.io-index"
checksum = "bf27176fb5d15398e3a479c652c20459d9dac830dedd1fa55b42a77dbcdbfcea"
dependencies = [
 "cc",
]

[[package]]
name = "sha3"
version = "0.10.8"
dependencies = [
 "digest",
 "hex-literal",
 "keccak",
 "sp1-zkvm",
]

[[package]]
name = "shabal"
version = "0.4.1"
dependencies = [
 "digest",
 "hex-literal",
]

[[package]]
name = "sm3"
version = "0.4.1"
dependencies = [
 "digest",
 "hex-literal",
]

[[package]]
name = "sp1-lib"
version = "4.1.7"
source = "registry+https://github.com/rust-lang/crates.io-index"
checksum = "0e4b2747ae411bca4ba0dd4112779246b101ac7e8f70afc1a33cf8ee003980d7"
dependencies = [
 "bincode",
 "serde",
 "sp1-primitives",
]

[[package]]
name = "sp1-primitives"
version = "4.1.7"
source = "registry+https://github.com/rust-lang/crates.io-index"
checksum = "7939f86891aa5995fa863abf296645a5ad4611d9598a8101389f85c624d41043"
dependencies = [
 "bincode",
 "hex",
 "lazy_static",
 "num-bigint",
 "p3-baby-bear",
 "p3-field",
 "p3-poseidon2",
 "p3-symmetric",
 "serde",
 "sha2 0.10.8",
]

[[package]]
name = "sp1-zkvm"
version = "4.1.7"
source = "registry+https://github.com/rust-lang/crates.io-index"
checksum = "92e382d2a6c183d602393e58881887fe91df32cc65965dd0be1f64e6fd689d73"
dependencies = [
 "cfg-if",
 "getrandom",
 "lazy_static",
 "libm",
 "rand",
 "sha2 0.10.8",
 "sp1-lib",
 "sp1-primitives",
]

[[package]]
name = "streebog"
version = "0.10.2"
dependencies = [
 "digest",
 "hex-literal",
]

[[package]]
name = "subtle"
version = "2.4.1"
source = "registry+https://github.com/rust-lang/crates.io-index"
checksum = "6bdef32e8150c2a081110b42772ffe7d7c9032b606bc226c8260fd97e0976601"

[[package]]
name = "syn"
version = "2.0.98"
source = "registry+https://github.com/rust-lang/crates.io-index"
checksum = "36147f1a48ae0ec2b5b3bc5b537d267457555a10dc06f3dbc8cb11ba3006d3b1"
dependencies = [
 "proc-macro2",
 "quote",
 "unicode-ident",
]

[[package]]
name = "tiger"
version = "0.2.1"
dependencies = [
 "digest",
 "hex-literal",
]

[[package]]
name = "tracing"
version = "0.1.41"
source = "registry+https://github.com/rust-lang/crates.io-index"
checksum = "784e0ac535deb450455cbfa28a6f0df145ea1bb7ae51b821cf5e7927fdcfbdd0"
dependencies = [
 "pin-project-lite",
 "tracing-attributes",
 "tracing-core",
]

[[package]]
name = "tracing-attributes"
version = "0.1.28"
source = "registry+https://github.com/rust-lang/crates.io-index"
checksum = "395ae124c09f9e6918a2310af6038fba074bcf474ac352496d5910dd59a2226d"
dependencies = [
 "proc-macro2",
 "quote",
 "syn",
]

[[package]]
name = "tracing-core"
version = "0.1.33"
source = "registry+https://github.com/rust-lang/crates.io-index"
checksum = "e672c95779cf947c5311f83787af4fa8fffd12fb27e4993211a84bdfd9610f9c"
dependencies = [
 "once_cell",
]

[[package]]
name = "typenum"
version = "1.16.0"
source = "registry+https://github.com/rust-lang/crates.io-index"
checksum = "497961ef93d974e23eb6f433eb5fe1b7930b659f06d12dec6fc44a8f554c0bba"

[[package]]
name = "unicode-ident"
version = "1.0.17"
source = "registry+https://github.com/rust-lang/crates.io-index"
checksum = "00e2473a93778eb0bad35909dff6a10d28e63f792f16ed15e404fca9d5eeedbe"

[[package]]
name = "version_check"
version = "0.9.4"
source = "registry+https://github.com/rust-lang/crates.io-index"
checksum = "49874b5167b65d7193b8aba1567f5c7d93d001cafc34600cee003eda787e483f"

[[package]]
name = "wasi"
version = "0.11.0+wasi-snapshot-preview1"
source = "registry+https://github.com/rust-lang/crates.io-index"
checksum = "9c8d87e72b64a3b4db28d11ce29237c246188f4f51057d65a7eab63b7987e423"

[[package]]
name = "whirlpool"
version = "0.10.4"
dependencies = [
 "digest",
 "hex-literal",
 "whirlpool-asm",
]

[[package]]
name = "whirlpool-asm"
version = "0.6.0"
source = "registry+https://github.com/rust-lang/crates.io-index"
checksum = "4b0930846e800a97c78fd09a494b25d1f0780be9face03b7a05151e3104a8284"
dependencies = [
 "cc",
]

[[package]]
name = "zerocopy"
version = "0.7.35"
source = "registry+https://github.com/rust-lang/crates.io-index"
checksum = "1b9b4fd18abc82b8136838da5d50bae7bdea537c574d8dc1a34ed098d6c166f0"
dependencies = [
 "byteorder",
 "zerocopy-derive",
]

[[package]]
name = "zerocopy-derive"
version = "0.7.35"
source = "registry+https://github.com/rust-lang/crates.io-index"
checksum = "fa4f8080344d4671fb4e831a13ad1e68092748387dfc4f55e356242fae12ce3e"
dependencies = [
 "proc-macro2",
 "quote",
 "syn",
]
